
Microsoft Visual Studio Solution File, Format Version 12.00
# Visual Studio Version 16
VisualStudioVersion = 16.0.29306.81
MinimumVisualStudioVersion = 10.0.40219.1
Project("{FAE04EC0-301F-11D3-BF4B-00C04F79EFBC}") = "RestPOCOTest", "RestPOCOTest\RestPOCOTest.csproj", "{2EB4286A-C1B4-4C41-9690-065C8696BDEF}"
EndProject
Global
	GlobalSection(SolutionConfigurationPlatforms) = preSolution
		Debug|Any CPU = Debug|Any CPU
		Release|Any CPU = Release|Any CPU
	EndGlobalSection
	GlobalSection(ProjectConfigurationPlatforms) = postSolution
		{2EB4286A-C1B4-4C41-9690-065C8696BDEF}.Debug|Any CPU.ActiveCfg = Debug|Any CPU
		{2EB4286A-C1B4-4C41-9690-065C8696BDEF}.Debug|Any CPU.Build.0 = Debug|Any CPU
		{2EB4286A-C1B4-4C41-9690-065C8696BDEF}.Release|Any CPU.ActiveCfg = Release|Any CPU
		{2EB4286A-C1B4-4C41-9690-065C8696BDEF}.Release|Any CPU.Build.0 = Release|Any CPU
	EndGlobalSection
	GlobalSection(SolutionProperties) = preSolution
		HideSolutionNode = FALSE
	EndGlobalSection
	GlobalSection(ExtensibilityGlobals) = postSolution
		SolutionGuid = {2485F4DF-2A48-4DA7-94F4-CD9C1814369B}
	EndGlobalSection
EndGlobal
